
Microsoft Visual Studio Solution File, Format Version 12.00
# Visual Studio Version 16
VisualStudioVersion = 16.0.30804.86
MinimumVisualStudioVersion = 10.0.40219.1
Project("{FAE04EC0-301F-11D3-BF4B-00C04F79EFBC}") = "M5_Team6", "M5_Team6\M5_Team6.csproj", "{BCE0E810-2C8E-4BD7-8A80-D0EAFDF996FC}"
EndProject
Global
	GlobalSection(SolutionConfigurationPlatforms) = preSolution
		Debug|Any CPU = Debug|Any CPU
		Release|Any CPU = Release|Any CPU
	EndGlobalSection
	GlobalSection(ProjectConfigurationPlatforms) = postSolution
		{BCE0E810-2C8E-4BD7-8A80-D0EAFDF996FC}.Debug|Any CPU.ActiveCfg = Debug|Any CPU
		{BCE0E810-2C8E-4BD7-8A80-D0EAFDF996FC}.Debug|Any CPU.Build.0 = Debug|Any CPU
		{BCE0E810-2C8E-4BD7-8A80-D0EAFDF996FC}.Release|Any CPU.ActiveCfg = Release|Any CPU
		{BCE0E810-2C8E-4BD7-8A80-D0EAFDF996FC}.Release|Any CPU.Build.0 = Release|Any CPU
	EndGlobalSection
	GlobalSection(SolutionProperties) = preSolution
		HideSolutionNode = FALSE
	EndGlobalSection
	GlobalSection(ExtensibilityGlobals) = postSolution
		SolutionGuid = {62790150-C015-4C4C-985A-7CD46848C58B}
	EndGlobalSection
EndGlobal
